{
    "_readme": [
        "This file locks the dependencies of your project to a known state",
        "Read more about it at https://getcomposer.org/doc/01-basic-usage.md#installing-dependencies",
        "This file is @generated automatically"
    ],
    "content-hash": "81885b44f7ecfb22d1e445042e8cfe9c",
    "packages": [
        {
            "name": "nikic/php-parser",
            "version": "v0.9.4",
            "source": {
                "type": "git",
                "url": "https://github.com/nikic/PHP-Parser.git",
                "reference": "1e5e280ae88a27effa2ae4aa2bd088494ed8594f"
            },
            "dist": {
                "type": "zip",
                "url": "https://api.github.com/repos/nikic/PHP-Parser/zipball/1e5e280ae88a27effa2ae4aa2bd088494ed8594f",
                "reference": "1e5e280ae88a27effa2ae4aa2bd088494ed8594f",
                "shasum": ""
            },
            "require": {
                "php": ">=5.2"
            },
            "type": "library",
            "extra": {
                "branch-alias": {
                    "dev-master": "0.9-dev"
                }
            },
            "autoload": {
                "psr-0": {
                    "PHPParser": "lib/"
                }
            },
            "notification-url": "https://packagist.org/downloads/",
            "license": [
                "BSD-3-Clause"
            ],
            "authors": [
                {
                    "name": "Nikita Popov"
                }
            ],
            "description": "A PHP parser written in PHP",
            "keywords": [
                "parser",
                "php"
            ],
            "time": "2013-08-25T17:11:40+00:00"
        }
    ],
    "packages-dev": [
        {
            "name": "php/php-src",
            "version": "5.3.20",
            "source": {
                "type": "git",
                "url": "https://github.com/php/php-src",
                "reference": "php-5.3.20"
            },
            "type": "library"
        }
    ],
    "aliases": [],
    "minimum-stability": "stable",
    "stability-flags": [],
    "prefer-stable": false,
    "prefer-lowest": false,
    "platform": {
        "php": ">=5.3.0"
    },
    "platform-dev": []
}
