{
    "hash": "c018d31236a55e99de69807814e3820f",
    "packages": [
        {
            "name": "nikic/php-parser",
            "version": "dev-master",
            "source": {
                "type": "git",
                "url": "https://github.com/nikic/PHP-Parser",
                "reference": "222c9612ab9c65551b7febd38cbb0fa685b0e0db"
            },
            "dist": {
                "type": "zip",
                "url": "https://github.com/nikic/PHP-Parser/archive/222c9612ab9c65551b7febd38cbb0fa685b0e0db.zip",
                "reference": "222c9612ab9c65551b7febd38cbb0fa685b0e0db",
                "shasum": ""
            },
            "require": {
                "php": ">=5.2"
            },
            "type": "library",
            "installation-source": "source",
            "autoload": {
                "psr-0": {
                    "PHPParser": "lib/"
                }
            },
            "license": [
                "BSD-3-Clause"
            ],
            "authors": [
                {
                    "name": "Nikita Popov"
                }
            ],
            "description": "A PHP parser written in PHP",
            "keywords": [
                "php",
                "parser"
            ],
            "time": "1356092915"
        },
        {
            "name": "nikita2206/hash-table",
            "version": "dev-master",
            "source": {
                "type": "git",
                "url": "https://github.com/nikita2206/php-canis-majoris",
                "reference": "ce5f1bc28cb34796d7883ca46325278b48573d54"
            },
            "dist": {
                "type": "zip",
                "url": "https://github.com/nikita2206/php-canis-majoris/zipball/ce5f1bc28cb34796d7883ca46325278b48573d54",
                "reference": "ce5f1bc28cb34796d7883ca46325278b48573d54",
                "shasum": ""
            },
            "require-dev": {
                "phpunit/phpunit": "3.7.x-dev"
            },
            "time": "1356884769",
            "type": "library",
            "installation-source": "source",
            "autoload": {
                "psr-0": {
                    "CanisM": "src/"
                }
            },
            "authors": [
                {
                    "name": "Nikita Nefedov",
                    "email": "inefedor@gmail.com"
                }
            ],
            "description": "PHP arrays (hash table) fully implemented in PHP using SplFixedArray.",
            "support": {
                "source": "https://github.com/nikita2206/php-canis-majoris/tree/master",
                "issues": "https://github.com/nikita2206/php-canis-majoris/issues"
            }
        }
    ],
    "packages-dev": null,
    "aliases": [

    ],
    "minimum-stability": "stable",
    "stability-flags": {
        "nikic/php-parser": 20,
        "nikita2206/hash-table": 20,
        "php/php-src": 20
    }
}
